
Microsoft Visual Studio Solution File, Format Version 12.00
# Visual Studio Version 17
VisualStudioVersion = 17.9.34622.214
MinimumVisualStudioVersion = 10.0.40219.1
Project("{FAE04EC0-301F-11D3-BF4B-00C04F79EFBC}") = "Run Button", "Run Button\Run Button.csproj", "{FB374973-90DA-4609-8EBE-0F6C9E6A44AE}"
EndProject
Global
	GlobalSection(SolutionConfigurationPlatforms) = preSolution
		Debug|Any CPU = Debug|Any CPU
		Release|Any CPU = Release|Any CPU
	EndGlobalSection
	GlobalSection(ProjectConfigurationPlatforms) = postSolution
		{FB374973-90DA-4609-8EBE-0F6C9E6A44AE}.Debug|Any CPU.ActiveCfg = Debug|Any CPU
		{FB374973-90DA-4609-8EBE-0F6C9E6A44AE}.Debug|Any CPU.Build.0 = Debug|Any CPU
		{FB374973-90DA-4609-8EBE-0F6C9E6A44AE}.Release|Any CPU.ActiveCfg = Release|Any CPU
		{FB374973-90DA-4609-8EBE-0F6C9E6A44AE}.Release|Any CPU.Build.0 = Release|Any CPU
	EndGlobalSection
	GlobalSection(SolutionProperties) = preSolution
		HideSolutionNode = FALSE
	EndGlobalSection
	GlobalSection(ExtensibilityGlobals) = postSolution
		SolutionGuid = {A53FF3B9-11D7-4920-B65E-9723F608E6E5}
	EndGlobalSection
EndGlobal
